
Microsoft Visual Studio Solution File, Format Version 12.00
# Visual Studio Version 17
VisualStudioVersion = 17.1.32210.238
MinimumVisualStudioVersion = 10.0.40219.1
Project("{FAE04EC0-301F-11D3-BF4B-00C04F79EFBC}") = "CS_Programs", "CS_Programs\CS_Programs.csproj", "{B9D3A353-797D-484D-8893-09106C44C8DC}"
EndProject
Global
	GlobalSection(SolutionConfigurationPlatforms) = preSolution
		Debug|Any CPU = Debug|Any CPU
		Release|Any CPU = Release|Any CPU
	EndGlobalSection
	GlobalSection(ProjectConfigurationPlatforms) = postSolution
		{B9D3A353-797D-484D-8893-09106C44C8DC}.Debug|Any CPU.ActiveCfg = Debug|Any CPU
		{B9D3A353-797D-484D-8893-09106C44C8DC}.Debug|Any CPU.Build.0 = Debug|Any CPU
		{B9D3A353-797D-484D-8893-09106C44C8DC}.Release|Any CPU.ActiveCfg = Release|Any CPU
		{B9D3A353-797D-484D-8893-09106C44C8DC}.Release|Any CPU.Build.0 = Release|Any CPU
	EndGlobalSection
	GlobalSection(SolutionProperties) = preSolution
		HideSolutionNode = FALSE
	EndGlobalSection
	GlobalSection(ExtensibilityGlobals) = postSolution
		SolutionGuid = {42BBB505-1D74-405D-84CB-EF5F1ABCCB62}
	EndGlobalSection
EndGlobal
